
Microsoft Visual Studio Solution File, Format Version 12.00
# Visual Studio 15
VisualStudioVersion = 15.0.28307.852
MinimumVisualStudioVersion = 10.0.40219.1
Project("{8BC9CEB8-8B4A-11D0-8D11-00A0C91BC942}") = "Win_Consol", "Win_Consol\Win_Consol.vcxproj", "{AFC4A6D1-9BC5-42E8-8E48-7E80D360C293}"
EndProject
Global
	GlobalSection(SolutionConfigurationPlatforms) = preSolution
		Debug|x64 = Debug|x64
		Debug|x86 = Debug|x86
		Release|x64 = Release|x64
		Release|x86 = Release|x86
	EndGlobalSection
	GlobalSection(ProjectConfigurationPlatforms) = postSolution
		{AFC4A6D1-9BC5-42E8-8E48-7E80D360C293}.Debug|x64.ActiveCfg = Debug|x64
		{AFC4A6D1-9BC5-42E8-8E48-7E80D360C293}.Debug|x64.Build.0 = Debug|x64
		{AFC4A6D1-9BC5-42E8-8E48-7E80D360C293}.Debug|x86.ActiveCfg = Debug|Win32
		{AFC4A6D1-9BC5-42E8-8E48-7E80D360C293}.Debug|x86.Build.0 = Debug|Win32
		{AFC4A6D1-9BC5-42E8-8E48-7E80D360C293}.Release|x64.ActiveCfg = Release|x64
		{AFC4A6D1-9BC5-42E8-8E48-7E80D360C293}.Release|x64.Build.0 = Release|x64
		{AFC4A6D1-9BC5-42E8-8E48-7E80D360C293}.Release|x86.ActiveCfg = Release|Win32
		{AFC4A6D1-9BC5-42E8-8E48-7E80D360C293}.Release|x86.Build.0 = Release|Win32
	EndGlobalSection
	GlobalSection(SolutionProperties) = preSolution
		HideSolutionNode = FALSE
	EndGlobalSection
	GlobalSection(ExtensibilityGlobals) = postSolution
		SolutionGuid = {0DFE2220-5746-43C6-A8F4-4AEBD555BA7C}
	EndGlobalSection
EndGlobal
